<?xml version="1.0" encoding="utf-8"?>
<Project ToolsVersion="4.0" xmlns="http://schemas.microsoft.com/developer/msbuild/2003">
  <ItemGroup>
    <Filter Include="Source Files">
      <UniqueIdentifier>{d7ea6218-de1a-4d8b-bdef-9b6b60e027b8}</UniqueIdentifier>
      <Extensions>cpp;c;cxx;rc;def;r;odl;idl;hpj;bat;for;f90</Extensions>
    </Filter>
    <Filter Include="Header Files">
      <UniqueIdentifier>{cec3d45d-5073-458a-9109-bca0d1eb9178}</UniqueIdentifier>
      <Extensions>h;hpp;hxx;hm;inl;fi;fd</Extensions>
    </Filter>
    <Filter Include="Resource Files">
      <UniqueIdentifier>{c9b9e97d-5a81-4b3b-9cbc-16c09a357dce}</UniqueIdentifier>
      <Extensions>ico;cur;bmp;dlg;rc2;rct;bin;cnt;rtf;gif;jpg;jpeg;jpe</Extensions>
    </Filter>
  </ItemGroup>
  <ItemGroup>
    <ClCompile Include="jezlex.c">
      <Filter>Source Files</Filter>
    </ClCompile>
    <ClCompile Include="jezmain.c">
      <Filter>Source Files</Filter>
    </ClCompile>
    <ClCompile Include="jezsyn.c">
      <Filter>Source Files</Filter>
    </ClCompile>
  </ItemGroup>
  <ItemGroup>
    <ClInclude Include="jezpro.h">
      <Filter>Header Files</Filter>
    </ClInclude>
  </ItemGroup>
</Project>