
Microsoft Visual Studio Solution File, Format Version 12.00
# Visual Studio 14
VisualStudioVersion = 14.0.25420.1
MinimumVisualStudioVersion = 10.0.40219.1
Project("{2150E333-8FDC-42A3-9474-1A3956D46DE8}") = "Projects C", "Projects C", "{3E33ACB3-71E9-4AE4-B3CD-F3C840915039}"
EndProject
Project("{2150E333-8FDC-42A3-9474-1A3956D46DE8}") = "C++", "C++", "{B4D5FED4-2F1C-4017-B3D3-A324A917F36B}"
EndProject
Project("{2150E333-8FDC-42A3-9474-1A3956D46DE8}") = "CSharp", "CSharp", "{D24D164F-AE80-43FE-AB58-661604A34DF7}"
EndProject
Project("{2150E333-8FDC-42A3-9474-1A3956D46DE8}") = "Visual C++", "Visual C++", "{FA53DB99-81D1-4486-A9AA-F2C3792CC985}"
EndProject
Project("{8BC9CEB8-8B4A-11D0-8D11-00A0C91BC942}") = "JEZPRO1", "Projects C\JEZPROC\JEZPRO1.vcxproj", "{7B2913D7-E5FB-91DD-7066-524297A12962}"
EndProject
Project("{8BC9CEB8-8B4A-11D0-8D11-00A0C91BC942}") = "JIRAAnalysis", "C++\JIRAAnalysis\JIRAAnalysis\JIRAAnalysis.vcxproj", "{EBF5E322-51C6-4310-92EF-9E21B74D8FB8}"
EndProject
Project("{8BC9CEB8-8B4A-11D0-8D11-00A0C91BC942}") = "DrawLine", "Visual C++\DRAWLINE\DRAWLINE.vcxproj", "{CB506C4B-0EC8-49A3-9126-B280EA059A34}"
EndProject
Project("{8BC9CEB8-8B4A-11D0-8D11-00A0C91BC942}") = "GravitySimulation", "Visual C++\GravitySimulation\GravitySimulation.vcxproj", "{6E0533E6-DDC0-43CD-AA7E-16065405CF5B}"
EndProject
Project("{8BC9CEB8-8B4A-11D0-8D11-00A0C91BC942}") = "FuncMin", "Visual C++\FUNCMIN\FUNCMIN.vcxproj", "{B1883910-9C64-4F49-A151-90F059E50837}"
EndProject
Project("{8BC9CEB8-8B4A-11D0-8D11-00A0C91BC942}") = "TestFitFunction", "Visual C++\TestFitFunction\TestFitFunction.vcxproj", "{47E697C4-E126-4EA2-B200-24D6C15732AE}"
EndProject
Project("{8BC9CEB8-8B4A-11D0-8D11-00A0C91BC942}") = "TestSimAnnSchedule", "Visual C++\TestSimAnnSchedule\TestSimAnnSchedule.vcxproj", "{DD6900E9-798E-4851-83E0-A5A0C7F4DAEF}"
EndProject
Project("{8BC9CEB8-8B4A-11D0-8D11-00A0C91BC942}") = "AntNiz", "Visual C++\AntNiz\AntNiz.vcxproj", "{3E7BC53D-471A-4DA7-BD37-DD8349026A30}"
EndProject
Project("{8BC9CEB8-8B4A-11D0-8D11-00A0C91BC942}") = "COMPort", "Visual C++\COMPort\COMPort.vcxproj", "{C3F19D39-5FF4-4A63-B164-B0EBBE9F86C7}"
EndProject
Global
	GlobalSection(SolutionConfigurationPlatforms) = preSolution
		Debug|x64 = Debug|x64
		Debug|x86 = Debug|x86
		Release|x64 = Release|x64
		Release|x86 = Release|x86
		Template|x64 = Template|x64
		Template|x86 = Template|x86
	EndGlobalSection
	GlobalSection(ProjectConfigurationPlatforms) = postSolution
		{7B2913D7-E5FB-91DD-7066-524297A12962}.Debug|x64.ActiveCfg = Debug|Win32
		{7B2913D7-E5FB-91DD-7066-524297A12962}.Debug|x86.ActiveCfg = Debug|Win32
		{7B2913D7-E5FB-91DD-7066-524297A12962}.Debug|x86.Build.0 = Debug|Win32
		{7B2913D7-E5FB-91DD-7066-524297A12962}.Release|x64.ActiveCfg = Release|Win32
		{7B2913D7-E5FB-91DD-7066-524297A12962}.Release|x86.ActiveCfg = Release|Win32
		{7B2913D7-E5FB-91DD-7066-524297A12962}.Release|x86.Build.0 = Release|Win32
		{7B2913D7-E5FB-91DD-7066-524297A12962}.Template|x64.ActiveCfg = Release|Win32
		{7B2913D7-E5FB-91DD-7066-524297A12962}.Template|x64.Build.0 = Release|Win32
		{7B2913D7-E5FB-91DD-7066-524297A12962}.Template|x86.ActiveCfg = Release|Win32
		{7B2913D7-E5FB-91DD-7066-524297A12962}.Template|x86.Build.0 = Release|Win32
		{EBF5E322-51C6-4310-92EF-9E21B74D8FB8}.Debug|x64.ActiveCfg = Debug|x64
		{EBF5E322-51C6-4310-92EF-9E21B74D8FB8}.Debug|x64.Build.0 = Debug|x64
		{EBF5E322-51C6-4310-92EF-9E21B74D8FB8}.Debug|x86.ActiveCfg = Debug|Win32
		{EBF5E322-51C6-4310-92EF-9E21B74D8FB8}.Debug|x86.Build.0 = Debug|Win32
		{EBF5E322-51C6-4310-92EF-9E21B74D8FB8}.Release|x64.ActiveCfg = Release|x64
		{EBF5E322-51C6-4310-92EF-9E21B74D8FB8}.Release|x64.Build.0 = Release|x64
		{EBF5E322-51C6-4310-92EF-9E21B74D8FB8}.Release|x86.ActiveCfg = Release|Win32
		{EBF5E322-51C6-4310-92EF-9E21B74D8FB8}.Release|x86.Build.0 = Release|Win32
		{EBF5E322-51C6-4310-92EF-9E21B74D8FB8}.Template|x64.ActiveCfg = Release|x64
		{EBF5E322-51C6-4310-92EF-9E21B74D8FB8}.Template|x64.Build.0 = Release|x64
		{EBF5E322-51C6-4310-92EF-9E21B74D8FB8}.Template|x86.ActiveCfg = Release|Win32
		{EBF5E322-51C6-4310-92EF-9E21B74D8FB8}.Template|x86.Build.0 = Release|Win32
		{CB506C4B-0EC8-49A3-9126-B280EA059A34}.Debug|x64.ActiveCfg = Debug|Win32
		{CB506C4B-0EC8-49A3-9126-B280EA059A34}.Debug|x86.ActiveCfg = Debug|Win32
		{CB506C4B-0EC8-49A3-9126-B280EA059A34}.Debug|x86.Build.0 = Debug|Win32
		{CB506C4B-0EC8-49A3-9126-B280EA059A34}.Release|x64.ActiveCfg = Release|Win32
		{CB506C4B-0EC8-49A3-9126-B280EA059A34}.Release|x86.ActiveCfg = Release|Win32
		{CB506C4B-0EC8-49A3-9126-B280EA059A34}.Release|x86.Build.0 = Release|Win32
		{CB506C4B-0EC8-49A3-9126-B280EA059A34}.Template|x64.ActiveCfg = Release|Win32
		{CB506C4B-0EC8-49A3-9126-B280EA059A34}.Template|x64.Build.0 = Release|Win32
		{CB506C4B-0EC8-49A3-9126-B280EA059A34}.Template|x86.ActiveCfg = Release|Win32
		{CB506C4B-0EC8-49A3-9126-B280EA059A34}.Template|x86.Build.0 = Release|Win32
		{6E0533E6-DDC0-43CD-AA7E-16065405CF5B}.Debug|x64.ActiveCfg = Debug|Win32
		{6E0533E6-DDC0-43CD-AA7E-16065405CF5B}.Debug|x86.ActiveCfg = Debug|Win32
		{6E0533E6-DDC0-43CD-AA7E-16065405CF5B}.Debug|x86.Build.0 = Debug|Win32
		{6E0533E6-DDC0-43CD-AA7E-16065405CF5B}.Release|x64.ActiveCfg = Release|Win32
		{6E0533E6-DDC0-43CD-AA7E-16065405CF5B}.Release|x86.ActiveCfg = Release|Win32
		{6E0533E6-DDC0-43CD-AA7E-16065405CF5B}.Release|x86.Build.0 = Release|Win32
		{6E0533E6-DDC0-43CD-AA7E-16065405CF5B}.Template|x64.ActiveCfg = Release|Win32
		{6E0533E6-DDC0-43CD-AA7E-16065405CF5B}.Template|x64.Build.0 = Release|Win32
		{6E0533E6-DDC0-43CD-AA7E-16065405CF5B}.Template|x86.ActiveCfg = Release|Win32
		{6E0533E6-DDC0-43CD-AA7E-16065405CF5B}.Template|x86.Build.0 = Release|Win32
		{B1883910-9C64-4F49-A151-90F059E50837}.Debug|x64.ActiveCfg = Debug|Win32
		{B1883910-9C64-4F49-A151-90F059E50837}.Debug|x86.ActiveCfg = Debug|Win32
		{B1883910-9C64-4F49-A151-90F059E50837}.Debug|x86.Build.0 = Debug|Win32
		{B1883910-9C64-4F49-A151-90F059E50837}.Release|x64.ActiveCfg = Release|Win32
		{B1883910-9C64-4F49-A151-90F059E50837}.Release|x86.ActiveCfg = Release|Win32
		{B1883910-9C64-4F49-A151-90F059E50837}.Release|x86.Build.0 = Release|Win32
		{B1883910-9C64-4F49-A151-90F059E50837}.Template|x64.ActiveCfg = Release|Win32
		{B1883910-9C64-4F49-A151-90F059E50837}.Template|x64.Build.0 = Release|Win32
		{B1883910-9C64-4F49-A151-90F059E50837}.Template|x86.ActiveCfg = Release|Win32
		{B1883910-9C64-4F49-A151-90F059E50837}.Template|x86.Build.0 = Release|Win32
		{47E697C4-E126-4EA2-B200-24D6C15732AE}.Debug|x64.ActiveCfg = Debug|Win32
		{47E697C4-E126-4EA2-B200-24D6C15732AE}.Debug|x86.ActiveCfg = Debug|Win32
		{47E697C4-E126-4EA2-B200-24D6C15732AE}.Debug|x86.Build.0 = Debug|Win32
		{47E697C4-E126-4EA2-B200-24D6C15732AE}.Release|x64.ActiveCfg = Release|Win32
		{47E697C4-E126-4EA2-B200-24D6C15732AE}.Release|x86.ActiveCfg = Release|Win32
		{47E697C4-E126-4EA2-B200-24D6C15732AE}.Release|x86.Build.0 = Release|Win32
		{47E697C4-E126-4EA2-B200-24D6C15732AE}.Template|x64.ActiveCfg = Template|Win32
		{47E697C4-E126-4EA2-B200-24D6C15732AE}.Template|x86.ActiveCfg = Template|Win32
		{47E697C4-E126-4EA2-B200-24D6C15732AE}.Template|x86.Build.0 = Template|Win32
		{DD6900E9-798E-4851-83E0-A5A0C7F4DAEF}.Debug|x64.ActiveCfg = Debug|Win32
		{DD6900E9-798E-4851-83E0-A5A0C7F4DAEF}.Debug|x86.ActiveCfg = Debug|Win32
		{DD6900E9-798E-4851-83E0-A5A0C7F4DAEF}.Debug|x86.Build.0 = Debug|Win32
		{DD6900E9-798E-4851-83E0-A5A0C7F4DAEF}.Release|x64.ActiveCfg = Release|Win32
		{DD6900E9-798E-4851-83E0-A5A0C7F4DAEF}.Release|x86.ActiveCfg = Release|Win32
		{DD6900E9-798E-4851-83E0-A5A0C7F4DAEF}.Release|x86.Build.0 = Release|Win32
		{DD6900E9-798E-4851-83E0-A5A0C7F4DAEF}.Template|x64.ActiveCfg = Template|Win32
		{DD6900E9-798E-4851-83E0-A5A0C7F4DAEF}.Template|x86.ActiveCfg = Template|Win32
		{DD6900E9-798E-4851-83E0-A5A0C7F4DAEF}.Template|x86.Build.0 = Template|Win32
		{3E7BC53D-471A-4DA7-BD37-DD8349026A30}.Debug|x64.ActiveCfg = Debug|Win32
		{3E7BC53D-471A-4DA7-BD37-DD8349026A30}.Debug|x86.ActiveCfg = Debug|Win32
		{3E7BC53D-471A-4DA7-BD37-DD8349026A30}.Debug|x86.Build.0 = Debug|Win32
		{3E7BC53D-471A-4DA7-BD37-DD8349026A30}.Release|x64.ActiveCfg = Release|Win32
		{3E7BC53D-471A-4DA7-BD37-DD8349026A30}.Release|x86.ActiveCfg = Release|Win32
		{3E7BC53D-471A-4DA7-BD37-DD8349026A30}.Release|x86.Build.0 = Release|Win32
		{3E7BC53D-471A-4DA7-BD37-DD8349026A30}.Template|x64.ActiveCfg = Template|Win32
		{3E7BC53D-471A-4DA7-BD37-DD8349026A30}.Template|x86.ActiveCfg = Template|Win32
		{3E7BC53D-471A-4DA7-BD37-DD8349026A30}.Template|x86.Build.0 = Template|Win32
		{C3F19D39-5FF4-4A63-B164-B0EBBE9F86C7}.Debug|x64.ActiveCfg = Debug|Win32
		{C3F19D39-5FF4-4A63-B164-B0EBBE9F86C7}.Debug|x86.ActiveCfg = Debug|Win32
		{C3F19D39-5FF4-4A63-B164-B0EBBE9F86C7}.Debug|x86.Build.0 = Debug|Win32
		{C3F19D39-5FF4-4A63-B164-B0EBBE9F86C7}.Release|x64.ActiveCfg = Release|Win32
		{C3F19D39-5FF4-4A63-B164-B0EBBE9F86C7}.Release|x86.ActiveCfg = Release|Win32
		{C3F19D39-5FF4-4A63-B164-B0EBBE9F86C7}.Release|x86.Build.0 = Release|Win32
		{C3F19D39-5FF4-4A63-B164-B0EBBE9F86C7}.Template|x64.ActiveCfg = Template|Win32
		{C3F19D39-5FF4-4A63-B164-B0EBBE9F86C7}.Template|x86.ActiveCfg = Template|Win32
		{C3F19D39-5FF4-4A63-B164-B0EBBE9F86C7}.Template|x86.Build.0 = Template|Win32
	EndGlobalSection
	GlobalSection(SolutionProperties) = preSolution
		HideSolutionNode = FALSE
	EndGlobalSection
	GlobalSection(NestedProjects) = preSolution
		{7B2913D7-E5FB-91DD-7066-524297A12962} = {3E33ACB3-71E9-4AE4-B3CD-F3C840915039}
		{EBF5E322-51C6-4310-92EF-9E21B74D8FB8} = {B4D5FED4-2F1C-4017-B3D3-A324A917F36B}
		{CB506C4B-0EC8-49A3-9126-B280EA059A34} = {FA53DB99-81D1-4486-A9AA-F2C3792CC985}
		{6E0533E6-DDC0-43CD-AA7E-16065405CF5B} = {FA53DB99-81D1-4486-A9AA-F2C3792CC985}
		{B1883910-9C64-4F49-A151-90F059E50837} = {FA53DB99-81D1-4486-A9AA-F2C3792CC985}
		{47E697C4-E126-4EA2-B200-24D6C15732AE} = {FA53DB99-81D1-4486-A9AA-F2C3792CC985}
		{DD6900E9-798E-4851-83E0-A5A0C7F4DAEF} = {FA53DB99-81D1-4486-A9AA-F2C3792CC985}
		{3E7BC53D-471A-4DA7-BD37-DD8349026A30} = {FA53DB99-81D1-4486-A9AA-F2C3792CC985}
		{C3F19D39-5FF4-4A63-B164-B0EBBE9F86C7} = {FA53DB99-81D1-4486-A9AA-F2C3792CC985}
	EndGlobalSection
EndGlobal
