<?xml version="1.0" encoding="utf-8"?>
<Project ToolsVersion="4.0" xmlns="http://schemas.microsoft.com/developer/msbuild/2003">
  <ItemGroup>
    <Filter Include="Source Files">
      <UniqueIdentifier>{84e8b1a0-bdcf-4a7d-b78b-ae355f889ec8}</UniqueIdentifier>
      <Extensions>cpp;c;cxx;rc;def;r;odl;hpj;bat;for;f90</Extensions>
    </Filter>
  </ItemGroup>
  <ItemGroup>
    <ClCompile Include="AdditPointCoord.cpp">
      <Filter>Source Files</Filter>
    </ClCompile>
    <ClCompile Include="BaseZCoord.cpp">
      <Filter>Source Files</Filter>
    </ClCompile>
    <ClCompile Include="DrawLine.cpp">
      <Filter>Source Files</Filter>
    </ClCompile>
    <ClCompile Include="DrawLineDoc.cpp">
      <Filter>Source Files</Filter>
    </ClCompile>
    <ClCompile Include="DrawLineView.cpp">
      <Filter>Source Files</Filter>
    </ClCompile>
    <ClCompile Include="JuliaDlg.cpp">
      <Filter>Source Files</Filter>
    </ClCompile>
    <ClCompile Include="MainFrm.cpp">
      <Filter>Source Files</Filter>
    </ClCompile>
    <ClCompile Include="MandelbrotDialog.cpp">
      <Filter>Source Files</Filter>
    </ClCompile>
    <ClCompile Include="NewCoord.cpp">
      <Filter>Source Files</Filter>
    </ClCompile>
    <ClCompile Include="PointCoordDialog.cpp">
      <Filter>Source Files</Filter>
    </ClCompile>
    <ClCompile Include="StdAfx.cpp">
      <Filter>Source Files</Filter>
    </ClCompile>
    <ClCompile Include="struct.cpp">
      <Filter>Source Files</Filter>
    </ClCompile>
    <ClCompile Include="VertexCoordDialog.cpp">
      <Filter>Source Files</Filter>
    </ClCompile>
    <ClCompile Include="VertexNumDialog.cpp">
      <Filter>Source Files</Filter>
    </ClCompile>
    <ClCompile Include="WhichPoint.cpp">
      <Filter>Source Files</Filter>
    </ClCompile>
  </ItemGroup>
  <ItemGroup>
    <ResourceCompile Include="DrawLine.rc">
      <Filter>Source Files</Filter>
    </ResourceCompile>
  </ItemGroup>
  <ItemGroup>
    <Text Include="ReadMe.txt">
      <Filter>Source Files</Filter>
    </Text>
  </ItemGroup>
</Project>