<?xml version="1.0" encoding="utf-8"?>
<Project ToolsVersion="4.0" xmlns="http://schemas.microsoft.com/developer/msbuild/2003">
  <ItemGroup>
    <Filter Include="Source Files">
      <UniqueIdentifier>{84e8b1a0-bdcf-4a7d-b78b-ae355f889ec8}</UniqueIdentifier>
      <Extensions>cpp;c;cxx;rc;def;r;odl;hpj;bat;for;f90</Extensions>
    </Filter>
    <Filter Include="Header files">
      <UniqueIdentifier>{d8d189be-a8ee-4c7f-9a87-238680be2655}</UniqueIdentifier>
    </Filter>
  </ItemGroup>
  <ItemGroup>
    <ClCompile Include="AdditPointCoord.cpp">
      <Filter>Source Files</Filter>
    </ClCompile>
    <ClCompile Include="BaseZCoord.cpp">
      <Filter>Source Files</Filter>
    </ClCompile>
    <ClCompile Include="DrawLine.cpp">
      <Filter>Source Files</Filter>
    </ClCompile>
    <ClCompile Include="DrawLineDoc.cpp">
      <Filter>Source Files</Filter>
    </ClCompile>
    <ClCompile Include="DrawLineView.cpp">
      <Filter>Source Files</Filter>
    </ClCompile>
    <ClCompile Include="JuliaDlg.cpp">
      <Filter>Source Files</Filter>
    </ClCompile>
    <ClCompile Include="MainFrm.cpp">
      <Filter>Source Files</Filter>
    </ClCompile>
    <ClCompile Include="MandelbrotDialog.cpp">
      <Filter>Source Files</Filter>
    </ClCompile>
    <ClCompile Include="NewCoord.cpp">
      <Filter>Source Files</Filter>
    </ClCompile>
    <ClCompile Include="PointCoordDialog.cpp">
      <Filter>Source Files</Filter>
    </ClCompile>
    <ClCompile Include="StdAfx.cpp">
      <Filter>Source Files</Filter>
    </ClCompile>
    <ClCompile Include="struct.cpp">
      <Filter>Source Files</Filter>
    </ClCompile>
    <ClCompile Include="VertexCoordDialog.cpp">
      <Filter>Source Files</Filter>
    </ClCompile>
    <ClCompile Include="VertexNumDialog.cpp">
      <Filter>Source Files</Filter>
    </ClCompile>
    <ClCompile Include="WhichPoint.cpp">
      <Filter>Source Files</Filter>
    </ClCompile>
  </ItemGroup>
  <ItemGroup>
    <ResourceCompile Include="DrawLine.rc">
      <Filter>Source Files</Filter>
    </ResourceCompile>
  </ItemGroup>
  <ItemGroup>
    <Text Include="ReadMe.txt">
      <Filter>Source Files</Filter>
    </Text>
  </ItemGroup>
  <ItemGroup>
    <ClInclude Include="AdditPointCoord.H">
      <Filter>Header files</Filter>
    </ClInclude>
    <ClInclude Include="BaseZCoord.H">
      <Filter>Header files</Filter>
    </ClInclude>
    <ClInclude Include="DRAWLINE.H">
      <Filter>Header files</Filter>
    </ClInclude>
    <ClInclude Include="DrawLineDoc.H">
      <Filter>Header files</Filter>
    </ClInclude>
    <ClInclude Include="DrawLineView.H">
      <Filter>Header files</Filter>
    </ClInclude>
    <ClInclude Include="JULIADLG.H">
      <Filter>Header files</Filter>
    </ClInclude>
    <ClInclude Include="MAINFRM.H">
      <Filter>Header files</Filter>
    </ClInclude>
    <ClInclude Include="MandelbrotDialog.H">
      <Filter>Header files</Filter>
    </ClInclude>
    <ClInclude Include="MATRIX.H">
      <Filter>Header files</Filter>
    </ClInclude>
    <ClInclude Include="NEWCOORD.H">
      <Filter>Header files</Filter>
    </ClInclude>
    <ClInclude Include="PointCoordDialog.H">
      <Filter>Header files</Filter>
    </ClInclude>
    <ClInclude Include="stdafx.h">
      <Filter>Header files</Filter>
    </ClInclude>
    <ClInclude Include="STRUCT.H">
      <Filter>Header files</Filter>
    </ClInclude>
    <ClInclude Include="VertexCoordDialog.H">
      <Filter>Header files</Filter>
    </ClInclude>
    <ClInclude Include="VertexNumDialog.H">
      <Filter>Header files</Filter>
    </ClInclude>
    <ClInclude Include="WhichPoint.H">
      <Filter>Header files</Filter>
    </ClInclude>
  </ItemGroup>
</Project>